
Microsoft Visual Studio Solution File, Format Version 12.00
# Visual Studio Version 17
VisualStudioVersion = 17.9.34622.214
MinimumVisualStudioVersion = 10.0.40219.1
Project("{FAE04EC0-301F-11D3-BF4B-00C04F79EFBC}") = "IPI_FootHeritage_2024_2025_v2", "IPI_FootHeritage_2024_2025_v2.csproj", "{7E293EA7-07EE-4296-9335-3FA0AB9C7712}"
EndProject
Global
	GlobalSection(SolutionConfigurationPlatforms) = preSolution
		Debug|Any CPU = Debug|Any CPU
		Release|Any CPU = Release|Any CPU
	EndGlobalSection
	GlobalSection(ProjectConfigurationPlatforms) = postSolution
		{7E293EA7-07EE-4296-9335-3FA0AB9C7712}.Debug|Any CPU.ActiveCfg = Debug|Any CPU
		{7E293EA7-07EE-4296-9335-3FA0AB9C7712}.Debug|Any CPU.Build.0 = Debug|Any CPU
		{7E293EA7-07EE-4296-9335-3FA0AB9C7712}.Release|Any CPU.ActiveCfg = Release|Any CPU
		{7E293EA7-07EE-4296-9335-3FA0AB9C7712}.Release|Any CPU.Build.0 = Release|Any CPU
	EndGlobalSection
	GlobalSection(SolutionProperties) = preSolution
		HideSolutionNode = FALSE
	EndGlobalSection
	GlobalSection(ExtensibilityGlobals) = postSolution
		SolutionGuid = {121F5DBD-445C-4354-857B-5B345107A119}
	EndGlobalSection
EndGlobal
